<?xml version="1.0" encoding="utf-8"?>
<Project xmlns="http://schemas.microsoft.com/developer/msbuild/2003">
  <ItemGroup>
    <Filter Include="Form Files">
      <UniqueIdentifier>{99349809-55BA-4b9d-BF79-8FDBB0286EB3}</UniqueIdentifier>
      <Extensions>ui</Extensions>
      <ParseFiles>false</ParseFiles>
    </Filter>
    <Filter Include="Form Files">
      <UniqueIdentifier>{99349809-55BA-4b9d-BF79-8FDBB0286EB3}</UniqueIdentifier>
      <Extensions>ui</Extensions>
      <ParseFiles>false</ParseFiles>
    </Filter>
    <Filter Include="Generated Files">
      <UniqueIdentifier>{71ED8ED8-ACB9-4CE9-BBE1-E00B30144E11}</UniqueIdentifier>
      <Extensions>cpp;c;cxx;moc;h;def;odl;idl;res;</Extensions>
    </Filter>
    <Filter Include="Generated Files">
      <UniqueIdentifier>{71ED8ED8-ACB9-4CE9-BBE1-E00B30144E11}</UniqueIdentifier>
      <Extensions>cpp;c;cxx;moc;h;def;odl;idl;res;</Extensions>
    </Filter>
    <Filter Include="Header Files">
      <UniqueIdentifier>{93995380-89BD-4b04-88EB-625FBE52EBFB}</UniqueIdentifier>
      <Extensions>h;hpp;hxx;hm;inl;inc;xsd</Extensions>
    </Filter>
    <Filter Include="Header Files">
      <UniqueIdentifier>{93995380-89BD-4b04-88EB-625FBE52EBFB}</UniqueIdentifier>
      <Extensions>h;hpp;hxx;hm;inl;inc;xsd</Extensions>
    </Filter>
    <Filter Include="Resource Files">
      <UniqueIdentifier>{D9D6E242-F8AF-46E4-B9FD-80ECBC20BA3E}</UniqueIdentifier>
      <Extensions>qrc;*</Extensions>
      <ParseFiles>false</ParseFiles>
    </Filter>
    <Filter Include="Resource Files">
      <UniqueIdentifier>{D9D6E242-F8AF-46E4-B9FD-80ECBC20BA3E}</UniqueIdentifier>
      <Extensions>qrc;*</Extensions>
      <ParseFiles>false</ParseFiles>
    </Filter>
    <Filter Include="Source Files">
      <UniqueIdentifier>{4FC737F1-C7A5-4376-A066-2A32D752A2FF}</UniqueIdentifier>
      <Extensions>cpp;c;cxx;def;odl;idl;hpj;bat;asm;asmx</Extensions>
    </Filter>
    <Filter Include="Source Files">
      <UniqueIdentifier>{4FC737F1-C7A5-4376-A066-2A32D752A2FF}</UniqueIdentifier>
      <Extensions>cpp;c;cxx;def;odl;idl;hpj;bat;asm;asmx</Extensions>
    </Filter>
    <Filter Include="ｔｅｓｔ">
      <UniqueIdentifier>{92c8db88-1a56-4c7e-8d8f-64f89a485ed3}</UniqueIdentifier>
    </Filter>
  </ItemGroup>
  <ItemGroup>
    <ClCompile Include="aboutdialog.cpp">
      <Filter>Source Files</Filter>
    </ClCompile>
    <ClCompile Include="analogexif.cpp">
      <Filter>Source Files</Filter>
    </ClCompile>
    <ClCompile Include="analogexifoptions.cpp">
      <Filter>Source Files</Filter>
    </ClCompile>
    <ClCompile Include="asciistringdialog.cpp">
      <Filter>Source Files</Filter>
    </ClCompile>
    <ClCompile Include="asciitextdialog.cpp">
      <Filter>Source Files</Filter>
    </ClCompile>
    <ClCompile Include="autofillexpnum.cpp">
      <Filter>Source Files</Filter>
    </ClCompile>
    <ClCompile Include="copymetadatadialog.cpp">
      <Filter>Source Files</Filter>
    </ClCompile>
    <ClCompile Include="dirsortfilterproxymodel.cpp">
      <Filter>Source Files</Filter>
    </ClCompile>
    <ClCompile Include="editgear.cpp">
      <Filter>Source Files</Filter>
    </ClCompile>
    <ClCompile Include="editgeartagsmodel.cpp">
      <Filter>Source Files</Filter>
    </ClCompile>
    <ClCompile Include="editgeartreemodel.cpp">
      <Filter>Source Files</Filter>
    </ClCompile>
    <ClCompile Include="edittagselectvalues.cpp">
      <Filter>Source Files</Filter>
    </ClCompile>
    <ClCompile Include="exifitem.cpp">
      <Filter>Source Files</Filter>
    </ClCompile>
    <ClCompile Include="exifitemdelegate.cpp">
      <Filter>Source Files</Filter>
    </ClCompile>
    <ClCompile Include="exiftreemodel.cpp">
      <Filter>Source Files</Filter>
    </ClCompile>
    <ClCompile Include="exifutils.cpp">
      <Filter>Source Files</Filter>
    </ClCompile>
    <ClCompile Include="gearlistmodel.cpp">
      <Filter>Source Files</Filter>
    </ClCompile>
    <ClCompile Include="geartreemodel.cpp">
      <Filter>Source Files</Filter>
    </ClCompile>
    <ClCompile Include="main.cpp">
      <Filter>Source Files</Filter>
    </ClCompile>
    <ClCompile Include="metadatatagcompleter.cpp">
      <Filter>Source Files</Filter>
    </ClCompile>
    <ClCompile Include="multitagvaluesdialog.cpp">
      <Filter>Source Files</Filter>
    </ClCompile>
    <ClCompile Include="onlineversionchecker.cpp">
      <Filter>Source Files</Filter>
    </ClCompile>
    <ClCompile Include="optgeartemplatemodel.cpp">
      <Filter>Source Files</Filter>
    </ClCompile>
    <ClCompile Include="progressdialog.cpp">
      <Filter>Source Files</Filter>
    </ClCompile>
    <ClCompile Include="tagnameeditdialog.cpp">
      <Filter>Source Files</Filter>
    </ClCompile>
    <ClCompile Include="tagnameitemdelegate.cpp">
      <Filter>Source Files</Filter>
    </ClCompile>
    <ClCompile Include="tagselectvalsitemdelegate.cpp">
      <Filter>Source Files</Filter>
    </ClCompile>
    <ClCompile Include="tagtypeitemdelegate.cpp">
      <Filter>Source Files</Filter>
    </ClCompile>
  </ItemGroup>
  <ItemGroup>
    <QtMoc Include="aboutdialog.h">
      <Filter>Header Files</Filter>
    </QtMoc>
    <QtMoc Include="analogexif.h">
      <Filter>Header Files</Filter>
    </QtMoc>
    <QtMoc Include="analogexifoptions.h">
      <Filter>Header Files</Filter>
    </QtMoc>
    <QtMoc Include="asciistringdialog.h">
      <Filter>Header Files</Filter>
    </QtMoc>
    <QtMoc Include="asciitextdialog.h">
      <Filter>Header Files</Filter>
    </QtMoc>
    <QtMoc Include="autofillexpnum.h">
      <Filter>Header Files</Filter>
    </QtMoc>
    <QtMoc Include="checkedgeartreeview.h">
      <Filter>Header Files</Filter>
    </QtMoc>
    <QtMoc Include="copymetadatadialog.h">
      <Filter>Header Files</Filter>
    </QtMoc>
    <QtMoc Include="dirsortfilterproxymodel.h">
      <Filter>Header Files</Filter>
    </QtMoc>
    <QtMoc Include="editgear.h">
      <Filter>Header Files</Filter>
    </QtMoc>
    <QtMoc Include="editgeartagsmodel.h">
      <Filter>Header Files</Filter>
    </QtMoc>
    <QtMoc Include="editgeartreemodel.h">
      <Filter>Header Files</Filter>
    </QtMoc>
    <QtMoc Include="edittagselectvalues.h">
      <Filter>Header Files</Filter>
    </QtMoc>
    <QtMoc Include="emptyspinbox.h">
      <Filter>Header Files</Filter>
    </QtMoc>
    <ClInclude Include="exifitem.h">
      <Filter>Header Files</Filter>
    </ClInclude>
    <QtMoc Include="exifitemdelegate.h">
      <Filter>Header Files</Filter>
    </QtMoc>
    <QtMoc Include="exiftreemodel.h">
      <Filter>Header Files</Filter>
    </QtMoc>
    <ClInclude Include="exifutils.h">
      <Filter>Header Files</Filter>
    </ClInclude>
    <QtMoc Include="gearlistmodel.h">
      <Filter>Header Files</Filter>
    </QtMoc>
    <QtMoc Include="gearlistview.h">
      <Filter>Header Files</Filter>
    </QtMoc>
    <QtMoc Include="geartableview.h">
      <Filter>Header Files</Filter>
    </QtMoc>
    <QtMoc Include="geartreemodel.h">
      <Filter>Header Files</Filter>
    </QtMoc>
    <QtMoc Include="geartreeview.h">
      <Filter>Header Files</Filter>
    </QtMoc>
    <QtMoc Include="metadatatagcompleter.h">
      <Filter>Header Files</Filter>
    </QtMoc>
    <QtMoc Include="multitagvaluesdialog.h">
      <Filter>Header Files</Filter>
    </QtMoc>
    <QtMoc Include="onlineversionchecker.h">
      <Filter>Header Files</Filter>
    </QtMoc>
    <QtMoc Include="optgeartemplatemodel.h">
      <Filter>Header Files</Filter>
    </QtMoc>
    <QtMoc Include="optgeartemplateview.h">
      <Filter>Header Files</Filter>
    </QtMoc>
    <QtMoc Include="progressdialog.h">
      <Filter>Header Files</Filter>
    </QtMoc>
    <QtMoc Include="tagnameeditdialog.h">
      <Filter>Header Files</Filter>
    </QtMoc>
    <QtMoc Include="tagnameitemdelegate.h">
      <Filter>Header Files</Filter>
    </QtMoc>
    <QtMoc Include="tagselectvalsitemdelegate.h">
      <Filter>Header Files</Filter>
    </QtMoc>
    <QtMoc Include="tagtypeitemdelegate.h">
      <Filter>Header Files</Filter>
    </QtMoc>
  </ItemGroup>
  <ItemGroup>
    <CustomBuild Include="debug\moc_predefs.h.cbt">
      <Filter>Generated Files</Filter>
    </CustomBuild>
    <CustomBuild Include="release\moc_predefs.h.cbt">
      <Filter>Generated Files</Filter>
    </CustomBuild>
  </ItemGroup>
  <ItemGroup>
    <QtUic Include="aboutdialog.ui">
      <Filter>Form Files</Filter>
    </QtUic>
    <QtUic Include="analogexif.ui">
      <Filter>Form Files</Filter>
    </QtUic>
    <QtUic Include="analogexifoptions.ui">
      <Filter>Form Files</Filter>
    </QtUic>
    <QtUic Include="asciistringdialog.ui">
      <Filter>Form Files</Filter>
    </QtUic>
    <QtUic Include="asciitextdialog.ui">
      <Filter>Form Files</Filter>
    </QtUic>
    <QtUic Include="autofillexpnum.ui">
      <Filter>Form Files</Filter>
    </QtUic>
    <QtUic Include="copymetadatadialog.ui">
      <Filter>Form Files</Filter>
    </QtUic>
    <QtUic Include="editgear.ui">
      <Filter>Form Files</Filter>
    </QtUic>
    <QtUic Include="edittagselectvalues.ui">
      <Filter>Form Files</Filter>
    </QtUic>
    <QtUic Include="multitagvaluesdialog.ui">
      <Filter>Form Files</Filter>
    </QtUic>
    <QtUic Include="progressdialog.ui">
      <Filter>Form Files</Filter>
    </QtUic>
    <QtUic Include="tagnameeditdialog.ui">
      <Filter>Form Files</Filter>
    </QtUic>
  </ItemGroup>
  <ItemGroup>
    <None Include="NewDb.ael">
      <Filter>Resource Files</Filter>
    </None>
    <None Include="icons\add.png">
      <Filter>Resource Files</Filter>
    </None>
    <QtRcc Include="analogexif.qrc">
      <Filter>Resource Files</Filter>
    </QtRcc>
    <None Include="icons\arrow_rotate_anticlockwise.png">
      <Filter>Resource Files</Filter>
    </None>
    <None Include="icons\arrow_undo.png">
      <Filter>Resource Files</Filter>
    </None>
    <None Include="icons\bullet_arrow_down.png">
      <Filter>Resource Files</Filter>
    </None>
    <None Include="icons\bullet_arrow_up.png">
      <Filter>Resource Files</Filter>
    </None>
    <None Include="icons\camera_add.png">
      <Filter>Resource Files</Filter>
    </None>
    <None Include="icons\camera_edit.png">
      <Filter>Resource Files</Filter>
    </None>
    <None Include="icons\camera_go.png">
      <Filter>Resource Files</Filter>
    </None>
    <None Include="icons\cog.png">
      <Filter>Resource Files</Filter>
    </None>
    <None Include="icons\delete.png">
      <Filter>Resource Files</Filter>
    </None>
    <None Include="icons\disk.png">
      <Filter>Resource Files</Filter>
    </None>
    <None Include="icons\film.png">
      <Filter>Resource Files</Filter>
    </None>
    <None Include="icons\film_edit.png">
      <Filter>Resource Files</Filter>
    </None>
    <None Include="icons\film_go.png">
      <Filter>Resource Files</Filter>
    </None>
    <None Include="icons\folder_camera.png">
      <Filter>Resource Files</Filter>
    </None>
    <None Include="icons\information.png">
      <Filter>Resource Files</Filter>
    </None>
    <None Include="not-supported.txt">
      <Filter>Resource Files</Filter>
    </None>
    <None Include="icons\page_copy.png">
      <Filter>Resource Files</Filter>
    </None>
    <None Include="version.xml">
      <Filter>Resource Files</Filter>
    </None>
  </ItemGroup>
</Project>